
Microsoft Visual Studio Solution File, Format Version 12.00
# Visual Studio Version 17
VisualStudioVersion = 17.9.34622.214
MinimumVisualStudioVersion = 10.0.40219.1
Project("{8BC9CEB8-8B4A-11D0-8D11-00A0C91BC942}") = "InsertionSort", "InsertionSort\InsertionSort.vcxproj", "{04FC55CB-3FD6-4F36-B59B-8B6BB9BB2739}"
EndProject
Global
	GlobalSection(SolutionConfigurationPlatforms) = preSolution
		Debug|ARM64 = Debug|ARM64
		Debug|x64 = Debug|x64
		Debug|x86 = Debug|x86
		Release|ARM64 = Release|ARM64
		Release|x64 = Release|x64
		Release|x86 = Release|x86
	EndGlobalSection
	GlobalSection(ProjectConfigurationPlatforms) = postSolution
		{04FC55CB-3FD6-4F36-B59B-8B6BB9BB2739}.Debug|ARM64.ActiveCfg = Debug|ARM64
		{04FC55CB-3FD6-4F36-B59B-8B6BB9BB2739}.Debug|ARM64.Build.0 = Debug|ARM64
		{04FC55CB-3FD6-4F36-B59B-8B6BB9BB2739}.Debug|x64.ActiveCfg = Debug|x64
		{04FC55CB-3FD6-4F36-B59B-8B6BB9BB2739}.Debug|x64.Build.0 = Debug|x64
		{04FC55CB-3FD6-4F36-B59B-8B6BB9BB2739}.Debug|x86.ActiveCfg = Debug|Win32
		{04FC55CB-3FD6-4F36-B59B-8B6BB9BB2739}.Debug|x86.Build.0 = Debug|Win32
		{04FC55CB-3FD6-4F36-B59B-8B6BB9BB2739}.Release|ARM64.ActiveCfg = Release|ARM64
		{04FC55CB-3FD6-4F36-B59B-8B6BB9BB2739}.Release|ARM64.Build.0 = Release|ARM64
		{04FC55CB-3FD6-4F36-B59B-8B6BB9BB2739}.Release|x64.ActiveCfg = Release|x64
		{04FC55CB-3FD6-4F36-B59B-8B6BB9BB2739}.Release|x64.Build.0 = Release|x64
		{04FC55CB-3FD6-4F36-B59B-8B6BB9BB2739}.Release|x86.ActiveCfg = Release|Win32
		{04FC55CB-3FD6-4F36-B59B-8B6BB9BB2739}.Release|x86.Build.0 = Release|Win32
	EndGlobalSection
	GlobalSection(SolutionProperties) = preSolution
		HideSolutionNode = FALSE
	EndGlobalSection
	GlobalSection(ExtensibilityGlobals) = postSolution
		SolutionGuid = {B64D8996-F073-4E8E-B1E2-74FFECD66FB5}
	EndGlobalSection
EndGlobal
